
Microsoft Visual Studio Solution File, Format Version 12.00
# Visual Studio Version 17
VisualStudioVersion = 17.10.34928.147
MinimumVisualStudioVersion = 10.0.40219.1
Project("{FAE04EC0-301F-11D3-BF4B-00C04F79EFBC}") = "DataStructure", "DataStructure\DataStructure.csproj", "{B42D1230-BF1E-432B-93F4-8F3ABF3837F7}"
EndProject
Global
	GlobalSection(SolutionConfigurationPlatforms) = preSolution
		Debug|Any CPU = Debug|Any CPU
		Release|Any CPU = Release|Any CPU
	EndGlobalSection
	GlobalSection(ProjectConfigurationPlatforms) = postSolution
		{B42D1230-BF1E-432B-93F4-8F3ABF3837F7}.Debug|Any CPU.ActiveCfg = Debug|Any CPU
		{B42D1230-BF1E-432B-93F4-8F3ABF3837F7}.Debug|Any CPU.Build.0 = Debug|Any CPU
		{B42D1230-BF1E-432B-93F4-8F3ABF3837F7}.Release|Any CPU.ActiveCfg = Release|Any CPU
		{B42D1230-BF1E-432B-93F4-8F3ABF3837F7}.Release|Any CPU.Build.0 = Release|Any CPU
	EndGlobalSection
	GlobalSection(SolutionProperties) = preSolution
		HideSolutionNode = FALSE
	EndGlobalSection
	GlobalSection(ExtensibilityGlobals) = postSolution
		SolutionGuid = {FA5BD072-D647-49A5-8DCD-0D181228C0ED}
	EndGlobalSection
EndGlobal
